
Microsoft Visual Studio Solution File, Format Version 12.00
# Visual Studio 15
Project("{FAE04EC0-301F-11D3-BF4B-00C04F79EFBC}") = "Assembly-CSharp", "Assembly-CSharp.csproj", "{CFDDA465-0733-7552-8B0C-9B4C33CA2AE5}"
EndProject
Project("{FAE04EC0-301F-11D3-BF4B-00C04F79EFBC}") = "Assembly-CSharp-Editor", "Assembly-CSharp-Editor.csproj", "{5C5F9666-340B-F1FA-26B7-36F85D83E9DA}"
EndProject
Global
	GlobalSection(SolutionConfigurationPlatforms) = preSolution
		Debug|Any CPU = Debug|Any CPU
		Release|Any CPU = Release|Any CPU
	EndGlobalSection
	GlobalSection(ProjectConfigurationPlatforms) = postSolution
		{CFDDA465-0733-7552-8B0C-9B4C33CA2AE5}.Debug|Any CPU.ActiveCfg = Debug|Any CPU
		{CFDDA465-0733-7552-8B0C-9B4C33CA2AE5}.Debug|Any CPU.Build.0 = Debug|Any CPU
		{CFDDA465-0733-7552-8B0C-9B4C33CA2AE5}.Release|Any CPU.ActiveCfg = Release|Any CPU
		{CFDDA465-0733-7552-8B0C-9B4C33CA2AE5}.Release|Any CPU.Build.0 = Release|Any CPU
		{5C5F9666-340B-F1FA-26B7-36F85D83E9DA}.Debug|Any CPU.ActiveCfg = Debug|Any CPU
		{5C5F9666-340B-F1FA-26B7-36F85D83E9DA}.Debug|Any CPU.Build.0 = Debug|Any CPU
		{5C5F9666-340B-F1FA-26B7-36F85D83E9DA}.Release|Any CPU.ActiveCfg = Release|Any CPU
		{5C5F9666-340B-F1FA-26B7-36F85D83E9DA}.Release|Any CPU.Build.0 = Release|Any CPU
	EndGlobalSection
	GlobalSection(SolutionProperties) = preSolution
		HideSolutionNode = FALSE
	EndGlobalSection
EndGlobal
